
Microsoft Visual Studio Solution File, Format Version 12.00
# Visual Studio 15
VisualStudioVersion = 15.0.34112.143
MinimumVisualStudioVersion = 10.0.40219.1
Project("{FAE04EC0-301F-11D3-BF4B-00C04F79EFBC}") = "doanchuyennganh.Android", "doanchuyennganh\doanchuyennganh.Android\doanchuyennganh.Android.csproj", "{C97F1CC8-BDD8-4522-8F17-194B6852B666}"
EndProject
Project("{FAE04EC0-301F-11D3-BF4B-00C04F79EFBC}") = "doanchuyennganh.iOS", "doanchuyennganh\doanchuyennganh.iOS\doanchuyennganh.iOS.csproj", "{363D1296-CF4B-4374-9AFC-285CF90F9BE3}"
EndProject
Project("{FAE04EC0-301F-11D3-BF4B-00C04F79EFBC}") = "doanchuyennganh", "doanchuyennganh\doanchuyennganh\doanchuyennganh.csproj", "{FCF78745-9AA9-4AB9-AD7E-60506DA70F86}"
EndProject
Global
	GlobalSection(SolutionConfigurationPlatforms) = preSolution
		Ad-Hoc|Any CPU = Ad-Hoc|Any CPU
		Ad-Hoc|iPhone = Ad-Hoc|iPhone
		Ad-Hoc|iPhoneSimulator = Ad-Hoc|iPhoneSimulator
		AppStore|Any CPU = AppStore|Any CPU
		AppStore|iPhone = AppStore|iPhone
		AppStore|iPhoneSimulator = AppStore|iPhoneSimulator
		Debug|Any CPU = Debug|Any CPU
		Debug|iPhone = Debug|iPhone
		Debug|iPhoneSimulator = Debug|iPhoneSimulator
		Release|Any CPU = Release|Any CPU
		Release|iPhone = Release|iPhone
		Release|iPhoneSimulator = Release|iPhoneSimulator
	EndGlobalSection
	GlobalSection(ProjectConfigurationPlatforms) = postSolution
		{C97F1CC8-BDD8-4522-8F17-194B6852B666}.Ad-Hoc|Any CPU.ActiveCfg = Release|Any CPU
		{C97F1CC8-BDD8-4522-8F17-194B6852B666}.Ad-Hoc|Any CPU.Build.0 = Release|Any CPU
		{C97F1CC8-BDD8-4522-8F17-194B6852B666}.Ad-Hoc|Any CPU.Deploy.0 = Release|Any CPU
		{C97F1CC8-BDD8-4522-8F17-194B6852B666}.Ad-Hoc|iPhone.ActiveCfg = Release|Any CPU
		{C97F1CC8-BDD8-4522-8F17-194B6852B666}.Ad-Hoc|iPhone.Build.0 = Release|Any CPU
		{C97F1CC8-BDD8-4522-8F17-194B6852B666}.Ad-Hoc|iPhone.Deploy.0 = Release|Any CPU
		{C97F1CC8-BDD8-4522-8F17-194B6852B666}.Ad-Hoc|iPhoneSimulator.ActiveCfg = Release|Any CPU
		{C97F1CC8-BDD8-4522-8F17-194B6852B666}.Ad-Hoc|iPhoneSimulator.Build.0 = Release|Any CPU
		{C97F1CC8-BDD8-4522-8F17-194B6852B666}.Ad-Hoc|iPhoneSimulator.Deploy.0 = Release|Any CPU
		{C97F1CC8-BDD8-4522-8F17-194B6852B666}.AppStore|Any CPU.ActiveCfg = Release|Any CPU
		{C97F1CC8-BDD8-4522-8F17-194B6852B666}.AppStore|Any CPU.Build.0 = Release|Any CPU
		{C97F1CC8-BDD8-4522-8F17-194B6852B666}.AppStore|Any CPU.Deploy.0 = Release|Any CPU
		{C97F1CC8-BDD8-4522-8F17-194B6852B666}.AppStore|iPhone.ActiveCfg = Release|Any CPU
		{C97F1CC8-BDD8-4522-8F17-194B6852B666}.AppStore|iPhone.Build.0 = Release|Any CPU
		{C97F1CC8-BDD8-4522-8F17-194B6852B666}.AppStore|iPhone.Deploy.0 = Release|Any CPU
		{C97F1CC8-BDD8-4522-8F17-194B6852B666}.AppStore|iPhoneSimulator.ActiveCfg = Release|Any CPU
		{C97F1CC8-BDD8-4522-8F17-194B6852B666}.AppStore|iPhoneSimulator.Build.0 = Release|Any CPU
		{C97F1CC8-BDD8-4522-8F17-194B6852B666}.AppStore|iPhoneSimulator.Deploy.0 = Release|Any CPU
		{C97F1CC8-BDD8-4522-8F17-194B6852B666}.Debug|Any CPU.ActiveCfg = Debug|Any CPU
		{C97F1CC8-BDD8-4522-8F17-194B6852B666}.Debug|Any CPU.Build.0 = Debug|Any CPU
		{C97F1CC8-BDD8-4522-8F17-194B6852B666}.Debug|Any CPU.Deploy.0 = Debug|Any CPU
		{C97F1CC8-BDD8-4522-8F17-194B6852B666}.Debug|iPhone.ActiveCfg = Debug|Any CPU
		{C97F1CC8-BDD8-4522-8F17-194B6852B666}.Debug|iPhone.Build.0 = Debug|Any CPU
		{C97F1CC8-BDD8-4522-8F17-194B6852B666}.Debug|iPhone.Deploy.0 = Debug|Any CPU
		{C97F1CC8-BDD8-4522-8F17-194B6852B666}.Debug|iPhoneSimulator.ActiveCfg = Debug|Any CPU
		{C97F1CC8-BDD8-4522-8F17-194B6852B666}.Debug|iPhoneSimulator.Build.0 = Debug|Any CPU
		{C97F1CC8-BDD8-4522-8F17-194B6852B666}.Debug|iPhoneSimulator.Deploy.0 = Debug|Any CPU
		{C97F1CC8-BDD8-4522-8F17-194B6852B666}.Release|Any CPU.ActiveCfg = Release|Any CPU
		{C97F1CC8-BDD8-4522-8F17-194B6852B666}.Release|Any CPU.Build.0 = Release|Any CPU
		{C97F1CC8-BDD8-4522-8F17-194B6852B666}.Release|Any CPU.Deploy.0 = Release|Any CPU
		{C97F1CC8-BDD8-4522-8F17-194B6852B666}.Release|iPhone.ActiveCfg = Release|Any CPU
		{C97F1CC8-BDD8-4522-8F17-194B6852B666}.Release|iPhone.Build.0 = Release|Any CPU
		{C97F1CC8-BDD8-4522-8F17-194B6852B666}.Release|iPhone.Deploy.0 = Release|Any CPU
		{C97F1CC8-BDD8-4522-8F17-194B6852B666}.Release|iPhoneSimulator.ActiveCfg = Release|Any CPU
		{C97F1CC8-BDD8-4522-8F17-194B6852B666}.Release|iPhoneSimulator.Build.0 = Release|Any CPU
		{C97F1CC8-BDD8-4522-8F17-194B6852B666}.Release|iPhoneSimulator.Deploy.0 = Release|Any CPU
		{363D1296-CF4B-4374-9AFC-285CF90F9BE3}.Ad-Hoc|Any CPU.ActiveCfg = Ad-Hoc|iPhone
		{363D1296-CF4B-4374-9AFC-285CF90F9BE3}.Ad-Hoc|Any CPU.Build.0 = Ad-Hoc|iPhone
		{363D1296-CF4B-4374-9AFC-285CF90F9BE3}.Ad-Hoc|Any CPU.Deploy.0 = Ad-Hoc|iPhone
		{363D1296-CF4B-4374-9AFC-285CF90F9BE3}.Ad-Hoc|iPhone.ActiveCfg = Ad-Hoc|iPhone
		{363D1296-CF4B-4374-9AFC-285CF90F9BE3}.Ad-Hoc|iPhone.Build.0 = Ad-Hoc|iPhone
		{363D1296-CF4B-4374-9AFC-285CF90F9BE3}.Ad-Hoc|iPhone.Deploy.0 = Ad-Hoc|iPhone
		{363D1296-CF4B-4374-9AFC-285CF90F9BE3}.Ad-Hoc|iPhoneSimulator.ActiveCfg = Ad-Hoc|iPhoneSimulator
		{363D1296-CF4B-4374-9AFC-285CF90F9BE3}.Ad-Hoc|iPhoneSimulator.Build.0 = Ad-Hoc|iPhoneSimulator
		{363D1296-CF4B-4374-9AFC-285CF90F9BE3}.Ad-Hoc|iPhoneSimulator.Deploy.0 = Ad-Hoc|iPhoneSimulator
		{363D1296-CF4B-4374-9AFC-285CF90F9BE3}.AppStore|Any CPU.ActiveCfg = AppStore|iPhone
		{363D1296-CF4B-4374-9AFC-285CF90F9BE3}.AppStore|Any CPU.Build.0 = AppStore|iPhone
		{363D1296-CF4B-4374-9AFC-285CF90F9BE3}.AppStore|Any CPU.Deploy.0 = AppStore|iPhone
		{363D1296-CF4B-4374-9AFC-285CF90F9BE3}.AppStore|iPhone.ActiveCfg = AppStore|iPhone
		{363D1296-CF4B-4374-9AFC-285CF90F9BE3}.AppStore|iPhone.Build.0 = AppStore|iPhone
		{363D1296-CF4B-4374-9AFC-285CF90F9BE3}.AppStore|iPhone.Deploy.0 = AppStore|iPhone
		{363D1296-CF4B-4374-9AFC-285CF90F9BE3}.AppStore|iPhoneSimulator.ActiveCfg = AppStore|iPhoneSimulator
		{363D1296-CF4B-4374-9AFC-285CF90F9BE3}.AppStore|iPhoneSimulator.Build.0 = AppStore|iPhoneSimulator
		{363D1296-CF4B-4374-9AFC-285CF90F9BE3}.AppStore|iPhoneSimulator.Deploy.0 = AppStore|iPhoneSimulator
		{363D1296-CF4B-4374-9AFC-285CF90F9BE3}.Debug|Any CPU.ActiveCfg = Debug|iPhoneSimulator
		{363D1296-CF4B-4374-9AFC-285CF90F9BE3}.Debug|Any CPU.Build.0 = Debug|iPhoneSimulator
		{363D1296-CF4B-4374-9AFC-285CF90F9BE3}.Debug|Any CPU.Deploy.0 = Debug|iPhoneSimulator
		{363D1296-CF4B-4374-9AFC-285CF90F9BE3}.Debug|iPhone.ActiveCfg = Debug|iPhone
		{363D1296-CF4B-4374-9AFC-285CF90F9BE3}.Debug|iPhone.Build.0 = Debug|iPhone
		{363D1296-CF4B-4374-9AFC-285CF90F9BE3}.Debug|iPhone.Deploy.0 = Debug|iPhone
		{363D1296-CF4B-4374-9AFC-285CF90F9BE3}.Debug|iPhoneSimulator.ActiveCfg = Debug|iPhoneSimulator
		{363D1296-CF4B-4374-9AFC-285CF90F9BE3}.Debug|iPhoneSimulator.Build.0 = Debug|iPhoneSimulator
		{363D1296-CF4B-4374-9AFC-285CF90F9BE3}.Debug|iPhoneSimulator.Deploy.0 = Debug|iPhoneSimulator
		{363D1296-CF4B-4374-9AFC-285CF90F9BE3}.Release|Any CPU.ActiveCfg = Release|iPhone
		{363D1296-CF4B-4374-9AFC-285CF90F9BE3}.Release|Any CPU.Build.0 = Release|iPhone
		{363D1296-CF4B-4374-9AFC-285CF90F9BE3}.Release|Any CPU.Deploy.0 = Release|iPhone
		{363D1296-CF4B-4374-9AFC-285CF90F9BE3}.Release|iPhone.ActiveCfg = Release|iPhone
		{363D1296-CF4B-4374-9AFC-285CF90F9BE3}.Release|iPhone.Build.0 = Release|iPhone
		{363D1296-CF4B-4374-9AFC-285CF90F9BE3}.Release|iPhone.Deploy.0 = Release|iPhone
		{363D1296-CF4B-4374-9AFC-285CF90F9BE3}.Release|iPhoneSimulator.ActiveCfg = Release|iPhoneSimulator
		{363D1296-CF4B-4374-9AFC-285CF90F9BE3}.Release|iPhoneSimulator.Build.0 = Release|iPhoneSimulator
		{363D1296-CF4B-4374-9AFC-285CF90F9BE3}.Release|iPhoneSimulator.Deploy.0 = Release|iPhoneSimulator
		{FCF78745-9AA9-4AB9-AD7E-60506DA70F86}.Ad-Hoc|Any CPU.ActiveCfg = Debug|Any CPU
		{FCF78745-9AA9-4AB9-AD7E-60506DA70F86}.Ad-Hoc|Any CPU.Build.0 = Debug|Any CPU
		{FCF78745-9AA9-4AB9-AD7E-60506DA70F86}.Ad-Hoc|Any CPU.Deploy.0 = Debug|Any CPU
		{FCF78745-9AA9-4AB9-AD7E-60506DA70F86}.Ad-Hoc|iPhone.ActiveCfg = Debug|Any CPU
		{FCF78745-9AA9-4AB9-AD7E-60506DA70F86}.Ad-Hoc|iPhone.Build.0 = Debug|Any CPU
		{FCF78745-9AA9-4AB9-AD7E-60506DA70F86}.Ad-Hoc|iPhone.Deploy.0 = Debug|Any CPU
		{FCF78745-9AA9-4AB9-AD7E-60506DA70F86}.Ad-Hoc|iPhoneSimulator.ActiveCfg = Debug|Any CPU
		{FCF78745-9AA9-4AB9-AD7E-60506DA70F86}.Ad-Hoc|iPhoneSimulator.Build.0 = Debug|Any CPU
		{FCF78745-9AA9-4AB9-AD7E-60506DA70F86}.Ad-Hoc|iPhoneSimulator.Deploy.0 = Debug|Any CPU
		{FCF78745-9AA9-4AB9-AD7E-60506DA70F86}.AppStore|Any CPU.ActiveCfg = Debug|Any CPU
		{FCF78745-9AA9-4AB9-AD7E-60506DA70F86}.AppStore|Any CPU.Build.0 = Debug|Any CPU
		{FCF78745-9AA9-4AB9-AD7E-60506DA70F86}.AppStore|Any CPU.Deploy.0 = Debug|Any CPU
		{FCF78745-9AA9-4AB9-AD7E-60506DA70F86}.AppStore|iPhone.ActiveCfg = Debug|Any CPU
		{FCF78745-9AA9-4AB9-AD7E-60506DA70F86}.AppStore|iPhone.Build.0 = Debug|Any CPU
		{FCF78745-9AA9-4AB9-AD7E-60506DA70F86}.AppStore|iPhone.Deploy.0 = Debug|Any CPU
		{FCF78745-9AA9-4AB9-AD7E-60506DA70F86}.AppStore|iPhoneSimulator.ActiveCfg = Debug|Any CPU
		{FCF78745-9AA9-4AB9-AD7E-60506DA70F86}.AppStore|iPhoneSimulator.Build.0 = Debug|Any CPU
		{FCF78745-9AA9-4AB9-AD7E-60506DA70F86}.AppStore|iPhoneSimulator.Deploy.0 = Debug|Any CPU
		{FCF78745-9AA9-4AB9-AD7E-60506DA70F86}.Debug|Any CPU.ActiveCfg = Debug|Any CPU
		{FCF78745-9AA9-4AB9-AD7E-60506DA70F86}.Debug|Any CPU.Build.0 = Debug|Any CPU
		{FCF78745-9AA9-4AB9-AD7E-60506DA70F86}.Debug|Any CPU.Deploy.0 = Debug|Any CPU
		{FCF78745-9AA9-4AB9-AD7E-60506DA70F86}.Debug|iPhone.ActiveCfg = Debug|Any CPU
		{FCF78745-9AA9-4AB9-AD7E-60506DA70F86}.Debug|iPhone.Build.0 = Debug|Any CPU
		{FCF78745-9AA9-4AB9-AD7E-60506DA70F86}.Debug|iPhone.Deploy.0 = Debug|Any CPU
		{FCF78745-9AA9-4AB9-AD7E-60506DA70F86}.Debug|iPhoneSimulator.ActiveCfg = Debug|Any CPU
		{FCF78745-9AA9-4AB9-AD7E-60506DA70F86}.Debug|iPhoneSimulator.Build.0 = Debug|Any CPU
		{FCF78745-9AA9-4AB9-AD7E-60506DA70F86}.Debug|iPhoneSimulator.Deploy.0 = Debug|Any CPU
		{FCF78745-9AA9-4AB9-AD7E-60506DA70F86}.Release|Any CPU.ActiveCfg = Release|Any CPU
		{FCF78745-9AA9-4AB9-AD7E-60506DA70F86}.Release|Any CPU.Build.0 = Release|Any CPU
		{FCF78745-9AA9-4AB9-AD7E-60506DA70F86}.Release|Any CPU.Deploy.0 = Release|Any CPU
		{FCF78745-9AA9-4AB9-AD7E-60506DA70F86}.Release|iPhone.ActiveCfg = Release|Any CPU
		{FCF78745-9AA9-4AB9-AD7E-60506DA70F86}.Release|iPhone.Build.0 = Release|Any CPU
		{FCF78745-9AA9-4AB9-AD7E-60506DA70F86}.Release|iPhone.Deploy.0 = Release|Any CPU
		{FCF78745-9AA9-4AB9-AD7E-60506DA70F86}.Release|iPhoneSimulator.ActiveCfg = Release|Any CPU
		{FCF78745-9AA9-4AB9-AD7E-60506DA70F86}.Release|iPhoneSimulator.Build.0 = Release|Any CPU
		{FCF78745-9AA9-4AB9-AD7E-60506DA70F86}.Release|iPhoneSimulator.Deploy.0 = Release|Any CPU
	EndGlobalSection
	GlobalSection(SolutionProperties) = preSolution
		HideSolutionNode = FALSE
	EndGlobalSection
	GlobalSection(ExtensibilityGlobals) = postSolution
		SolutionGuid = {23DEB6C9-5363-4CFF-8D09-1520A93EBAAD}
	EndGlobalSection
EndGlobal
